
Microsoft Visual Studio Solution File, Format Version 12.00
# Visual Studio Version 17
VisualStudioVersion = 17.0.31903.59
MinimumVisualStudioVersion = 10.0.40219.1
Project("{9A19103F-16F7-4668-BE54-9A1E7A4F7556}") = "RetroBox.Manager", "RetroBox.Manager\RetroBox.Manager.csproj", "{A454F4D5-A262-41C5-B9A9-E7C561E9875F}"
EndProject
Project("{9A19103F-16F7-4668-BE54-9A1E7A4F7556}") = "RetroBox.API", "RetroBox.API\RetroBox.API.csproj", "{BD59131A-CF4C-4299-8371-4FA8FC1E2545}"
EndProject
Project("{9A19103F-16F7-4668-BE54-9A1E7A4F7556}") = "RetroBox.Update", "RetroBox.Update\RetroBox.Update.csproj", "{46AFDBEC-9BD1-474C-8A91-2A0FE17FCF70}"
EndProject
Project("{9A19103F-16F7-4668-BE54-9A1E7A4F7556}") = "RetroBox.Linux", "RetroBox.Linux\RetroBox.Linux.csproj", "{6DCFFB29-BDA5-4DEA-A92C-2368FF3EE5F0}"
EndProject
Project("{9A19103F-16F7-4668-BE54-9A1E7A4F7556}") = "RetroBox.Mac", "RetroBox.Mac\RetroBox.Mac.csproj", "{85858D75-A90A-4848-8B0E-344B929BC5C7}"
EndProject
Project("{9A19103F-16F7-4668-BE54-9A1E7A4F7556}") = "RetroBox.Windows", "RetroBox.Windows\RetroBox.Windows.csproj", "{1757B8FF-A222-46D8-AA90-8C9B24F91BD8}"
EndProject
Project("{2150E333-8FDC-42A3-9474-1A3956D46DE8}") = "Core", "Core", "{60349C45-902A-4D96-B263-C4A4B3B27997}"
EndProject
Project("{2150E333-8FDC-42A3-9474-1A3956D46DE8}") = "Xplat", "Xplat", "{29627132-81F5-452D-8DD9-B66F57D4F798}"
EndProject
Project("{2150E333-8FDC-42A3-9474-1A3956D46DE8}") = "UI", "UI", "{3ECA38D6-84C4-4B39-A4B8-738BBC5F1DD3}"
EndProject
Project("{9A19103F-16F7-4668-BE54-9A1E7A4F7556}") = "RetroBox.Common", "RetroBox.Common\RetroBox.Common.csproj", "{9934CE63-9FE3-4227-8435-DDB39F0F1580}"
EndProject
Project("{9A19103F-16F7-4668-BE54-9A1E7A4F7556}") = "RetroBox.Unix", "RetroBox.Unix\RetroBox.Unix.csproj", "{6E536283-3F03-4920-9FCE-496203A4E9C0}"
EndProject
Project("{9A19103F-16F7-4668-BE54-9A1E7A4F7556}") = "RetroBox.Fabric", "RetroBox.Fabric\RetroBox.Fabric.csproj", "{B396D69D-D159-4A0A-9F4A-148FC4FF31AE}"
EndProject
Project("{FAE04EC0-301F-11D3-BF4B-00C04F79EFBC}") = "Consola", "Consola\Consola.csproj", "{5BEC8B48-7848-4652-BAE3-8DD851DD5CE8}"
EndProject
Global
	GlobalSection(SolutionConfigurationPlatforms) = preSolution
		Debug|Any CPU = Debug|Any CPU
		Release|Any CPU = Release|Any CPU
	EndGlobalSection
	GlobalSection(ProjectConfigurationPlatforms) = postSolution
		{A454F4D5-A262-41C5-B9A9-E7C561E9875F}.Debug|Any CPU.ActiveCfg = Debug|Any CPU
		{A454F4D5-A262-41C5-B9A9-E7C561E9875F}.Debug|Any CPU.Build.0 = Debug|Any CPU
		{A454F4D5-A262-41C5-B9A9-E7C561E9875F}.Release|Any CPU.ActiveCfg = Release|Any CPU
		{A454F4D5-A262-41C5-B9A9-E7C561E9875F}.Release|Any CPU.Build.0 = Release|Any CPU
		{BD59131A-CF4C-4299-8371-4FA8FC1E2545}.Debug|Any CPU.ActiveCfg = Debug|Any CPU
		{BD59131A-CF4C-4299-8371-4FA8FC1E2545}.Debug|Any CPU.Build.0 = Debug|Any CPU
		{BD59131A-CF4C-4299-8371-4FA8FC1E2545}.Release|Any CPU.ActiveCfg = Release|Any CPU
		{BD59131A-CF4C-4299-8371-4FA8FC1E2545}.Release|Any CPU.Build.0 = Release|Any CPU
		{46AFDBEC-9BD1-474C-8A91-2A0FE17FCF70}.Debug|Any CPU.ActiveCfg = Debug|Any CPU
		{46AFDBEC-9BD1-474C-8A91-2A0FE17FCF70}.Debug|Any CPU.Build.0 = Debug|Any CPU
		{46AFDBEC-9BD1-474C-8A91-2A0FE17FCF70}.Release|Any CPU.ActiveCfg = Release|Any CPU
		{46AFDBEC-9BD1-474C-8A91-2A0FE17FCF70}.Release|Any CPU.Build.0 = Release|Any CPU
		{6DCFFB29-BDA5-4DEA-A92C-2368FF3EE5F0}.Debug|Any CPU.ActiveCfg = Debug|Any CPU
		{6DCFFB29-BDA5-4DEA-A92C-2368FF3EE5F0}.Debug|Any CPU.Build.0 = Debug|Any CPU
		{6DCFFB29-BDA5-4DEA-A92C-2368FF3EE5F0}.Release|Any CPU.ActiveCfg = Release|Any CPU
		{6DCFFB29-BDA5-4DEA-A92C-2368FF3EE5F0}.Release|Any CPU.Build.0 = Release|Any CPU
		{85858D75-A90A-4848-8B0E-344B929BC5C7}.Debug|Any CPU.ActiveCfg = Debug|Any CPU
		{85858D75-A90A-4848-8B0E-344B929BC5C7}.Debug|Any CPU.Build.0 = Debug|Any CPU
		{85858D75-A90A-4848-8B0E-344B929BC5C7}.Release|Any CPU.ActiveCfg = Release|Any CPU
		{85858D75-A90A-4848-8B0E-344B929BC5C7}.Release|Any CPU.Build.0 = Release|Any CPU
		{1757B8FF-A222-46D8-AA90-8C9B24F91BD8}.Debug|Any CPU.ActiveCfg = Debug|Any CPU
		{1757B8FF-A222-46D8-AA90-8C9B24F91BD8}.Debug|Any CPU.Build.0 = Debug|Any CPU
		{1757B8FF-A222-46D8-AA90-8C9B24F91BD8}.Release|Any CPU.ActiveCfg = Release|Any CPU
		{1757B8FF-A222-46D8-AA90-8C9B24F91BD8}.Release|Any CPU.Build.0 = Release|Any CPU
		{9934CE63-9FE3-4227-8435-DDB39F0F1580}.Debug|Any CPU.ActiveCfg = Debug|Any CPU
		{9934CE63-9FE3-4227-8435-DDB39F0F1580}.Debug|Any CPU.Build.0 = Debug|Any CPU
		{9934CE63-9FE3-4227-8435-DDB39F0F1580}.Release|Any CPU.ActiveCfg = Release|Any CPU
		{9934CE63-9FE3-4227-8435-DDB39F0F1580}.Release|Any CPU.Build.0 = Release|Any CPU
		{6E536283-3F03-4920-9FCE-496203A4E9C0}.Debug|Any CPU.ActiveCfg = Debug|Any CPU
		{6E536283-3F03-4920-9FCE-496203A4E9C0}.Debug|Any CPU.Build.0 = Debug|Any CPU
		{6E536283-3F03-4920-9FCE-496203A4E9C0}.Release|Any CPU.ActiveCfg = Release|Any CPU
		{6E536283-3F03-4920-9FCE-496203A4E9C0}.Release|Any CPU.Build.0 = Release|Any CPU
		{B396D69D-D159-4A0A-9F4A-148FC4FF31AE}.Debug|Any CPU.ActiveCfg = Debug|Any CPU
		{B396D69D-D159-4A0A-9F4A-148FC4FF31AE}.Debug|Any CPU.Build.0 = Debug|Any CPU
		{B396D69D-D159-4A0A-9F4A-148FC4FF31AE}.Release|Any CPU.ActiveCfg = Release|Any CPU
		{B396D69D-D159-4A0A-9F4A-148FC4FF31AE}.Release|Any CPU.Build.0 = Release|Any CPU
		{5BEC8B48-7848-4652-BAE3-8DD851DD5CE8}.Debug|Any CPU.ActiveCfg = Debug|Any CPU
		{5BEC8B48-7848-4652-BAE3-8DD851DD5CE8}.Debug|Any CPU.Build.0 = Debug|Any CPU
		{5BEC8B48-7848-4652-BAE3-8DD851DD5CE8}.Release|Any CPU.ActiveCfg = Release|Any CPU
		{5BEC8B48-7848-4652-BAE3-8DD851DD5CE8}.Release|Any CPU.Build.0 = Release|Any CPU
	EndGlobalSection
	GlobalSection(SolutionProperties) = preSolution
		HideSolutionNode = FALSE
	EndGlobalSection
	GlobalSection(NestedProjects) = preSolution
		{A454F4D5-A262-41C5-B9A9-E7C561E9875F} = {3ECA38D6-84C4-4B39-A4B8-738BBC5F1DD3}
		{BD59131A-CF4C-4299-8371-4FA8FC1E2545} = {60349C45-902A-4D96-B263-C4A4B3B27997}
		{46AFDBEC-9BD1-474C-8A91-2A0FE17FCF70} = {60349C45-902A-4D96-B263-C4A4B3B27997}
		{6DCFFB29-BDA5-4DEA-A92C-2368FF3EE5F0} = {29627132-81F5-452D-8DD9-B66F57D4F798}
		{85858D75-A90A-4848-8B0E-344B929BC5C7} = {29627132-81F5-452D-8DD9-B66F57D4F798}
		{1757B8FF-A222-46D8-AA90-8C9B24F91BD8} = {29627132-81F5-452D-8DD9-B66F57D4F798}
		{9934CE63-9FE3-4227-8435-DDB39F0F1580} = {29627132-81F5-452D-8DD9-B66F57D4F798}
		{6E536283-3F03-4920-9FCE-496203A4E9C0} = {29627132-81F5-452D-8DD9-B66F57D4F798}
		{B396D69D-D159-4A0A-9F4A-148FC4FF31AE} = {3ECA38D6-84C4-4B39-A4B8-738BBC5F1DD3}
	EndGlobalSection
	GlobalSection(ExtensibilityGlobals) = postSolution
		SolutionGuid = {28B0D071-5AD0-43C9-8D01-32BC2A1423D8}
	EndGlobalSection
EndGlobal
